Microsoft Visual Studio Solution File, Format Version 12.00
# Visual Studio Version 17
VisualStudioVersion = 17.0.31903.59
MinimumVisualStudioVersion = 10.0.40219.1
Project("{FAE04EC0-301F-11D3-BF4B-00C04F79EFBC}") = "OpenHardwareMonitor.Core", "OpenHardwareMonitor.Core\OpenHardwareMonitor.Core.csproj", "{D8A01C95-511B-4A22-BB09-D8929E004E91}"
EndProject
Project("{FAE04EC0-301F-11D3-BF4B-00C04F79EFBC}") = "OpenHardwareMonitor.App", "OpenHardwareMonitor.App\OpenHardwareMonitor.App.csproj", "{5B9F9EF7-1E81-4791-90EA-7A3CB3CC42CD}"
EndProject
Project("{FAE04EC0-301F-11D3-BF4B-00C04F79EFBC}") = "OpenHardwareMonitor.App.Tests", "OpenHardwareMonitor.App.Tests\OpenHardwareMonitor.App.Tests.csproj", "{37BD8E08-62DE-47AE-9A3D-3F1B74B1B88C}"
EndProject
Project("{FAE04EC0-301F-11D3-BF4B-00C04F79EFBC}") = "OpenHardwareMonitorLib", "OpenHardwareMonitorLib\OpenHardwareMonitorLib.csproj", "{B0397530-545A-471D-BB74-027AE456DF1A}"
EndProject
Global
	GlobalSection(SolutionConfigurationPlatforms) = preSolution
		Debug|x64 = Debug|x64
		Release|x64 = Release|x64
	EndGlobalSection
	GlobalSection(ProjectConfigurationPlatforms) = postSolution
		{D8A01C95-511B-4A22-BB09-D8929E004E91}.Debug|x64.ActiveCfg = Debug|x64
		{D8A01C95-511B-4A22-BB09-D8929E004E91}.Debug|x64.Build.0 = Debug|x64
		{D8A01C95-511B-4A22-BB09-D8929E004E91}.Release|x64.ActiveCfg = Release|x64
		{D8A01C95-511B-4A22-BB09-D8929E004E91}.Release|x64.Build.0 = Release|x64
		{5B9F9EF7-1E81-4791-90EA-7A3CB3CC42CD}.Debug|x64.ActiveCfg = Debug|x64
		{5B9F9EF7-1E81-4791-90EA-7A3CB3CC42CD}.Debug|x64.Build.0 = Debug|x64
		{5B9F9EF7-1E81-4791-90EA-7A3CB3CC42CD}.Release|x64.ActiveCfg = Release|x64
		{5B9F9EF7-1E81-4791-90EA-7A3CB3CC42CD}.Release|x64.Build.0 = Release|x64
		{37BD8E08-62DE-47AE-9A3D-3F1B74B1B88C}.Debug|x64.ActiveCfg = Debug|x64
		{37BD8E08-62DE-47AE-9A3D-3F1B74B1B88C}.Debug|x64.Build.0 = Debug|x64
		{37BD8E08-62DE-47AE-9A3D-3F1B74B1B88C}.Release|x64.ActiveCfg = Release|x64
		{37BD8E08-62DE-47AE-9A3D-3F1B74B1B88C}.Release|x64.Build.0 = Release|x64
		{B0397530-545A-471D-BB74-027AE456DF1A}.Debug|x64.ActiveCfg = Debug|x64
		{B0397530-545A-471D-BB74-027AE456DF1A}.Debug|x64.Build.0 = Debug|x64
		{B0397530-545A-471D-BB74-027AE456DF1A}.Release|x64.ActiveCfg = Release|x64
		{B0397530-545A-471D-BB74-027AE456DF1A}.Release|x64.Build.0 = Release|x64
	EndGlobalSection
	GlobalSection(SolutionProperties) = preSolution
		HideSolutionNode = FALSE
	EndGlobalSection
EndGlobal
